
Microsoft Visual Studio Solution File, Format Version 12.00
# Visual Studio Version 16
Project("{FAE04EC0-301F-11D3-BF4B-00C04F79EFBC}") = "L02ConditionalsAndLoops", "L02ConditionalsAndLoops\L02ConditionalsAndLoops.csproj", "{BFD54925-265E-471C-85E1-438A9A439F0C}"
EndProject
Project("{FAE04EC0-301F-11D3-BF4B-00C04F79EFBC}") = "Examples", "Examples\Examples.csproj", "{0118FB13-D381-41D0-9C02-DD70B9AC1718}"
EndProject
Project("{FAE04EC0-301F-11D3-BF4B-00C04F79EFBC}") = "L03Arrays", "L03Arrays\L03Arrays.csproj", "{D9C0887C-DDBD-4FF2-936E-69813E64F4BC}"
EndProject
Project("{FAE04EC0-301F-11D3-BF4B-00C04F79EFBC}") = "L01DataTypes", "L01DataTypes\L01DataTypes.csproj", "{8B65D697-6C81-4E0B-92B6-8F29571B40FE}"
EndProject
Project("{FAE04EC0-301F-11D3-BF4B-00C04F79EFBC}") = "Handledning", "Handledning\Handledning.csproj", "{87E60147-7B60-45DD-B04A-18C1999F57E1}"
EndProject
Project("{FAE04EC0-301F-11D3-BF4B-00C04F79EFBC}") = "Exercises12Aug", "Exercises12Aug\Exercises12Aug.csproj", "{4D7C565B-56AB-4F61-B99F-224E603D7110}"
EndProject
Project("{FAE04EC0-301F-11D3-BF4B-00C04F79EFBC}") = "ProgsharpSolutions", "ProgsharpSolutions\ProgsharpSolutions.csproj", "{B7E539A1-A57C-4817-A627-D7A3D82BABF0}"
EndProject
Project("{FAE04EC0-301F-11D3-BF4B-00C04F79EFBC}") = "L04Recursion", "L04Recursion\L04Recursion.csproj", "{668B1F14-0F3C-4AAD-A956-7F536D1982E3}"
EndProject
Project("{FAE04EC0-301F-11D3-BF4B-00C04F79EFBC}") = "L05Classes", "L05Classes\L05Classes.csproj", "{A9F9FEA0-CA49-452D-ABD4-42201C72BFFA}"
EndProject
Project("{FAE04EC0-301F-11D3-BF4B-00C04F79EFBC}") = "L06Inheritance", "L06Inheritance\L06Inheritance.csproj", "{86454B27-7E3B-4D1C-82B8-70B0AC34CA04}"
EndProject
Project("{FAE04EC0-301F-11D3-BF4B-00C04F79EFBC}") = "L07Interfaces", "L07Interfaces\L07Interfaces.csproj", "{6562164F-24CC-4B6B-8A8B-49B9275879E3}"
EndProject
Project("{FAE04EC0-301F-11D3-BF4B-00C04F79EFBC}") = "L08FunctionalProgramming", "L08FunctionalProgramming\L08FunctionalProgramming.csproj", "{755838EA-3D73-4ECC-973D-04C2461755EE}"
EndProject
Global
	GlobalSection(SolutionConfigurationPlatforms) = preSolution
		Debug|Any CPU = Debug|Any CPU
		Release|Any CPU = Release|Any CPU
	EndGlobalSection
	GlobalSection(ProjectConfigurationPlatforms) = postSolution
		{BFD54925-265E-471C-85E1-438A9A439F0C}.Debug|Any CPU.ActiveCfg = Debug|Any CPU
		{BFD54925-265E-471C-85E1-438A9A439F0C}.Debug|Any CPU.Build.0 = Debug|Any CPU
		{BFD54925-265E-471C-85E1-438A9A439F0C}.Release|Any CPU.ActiveCfg = Release|Any CPU
		{BFD54925-265E-471C-85E1-438A9A439F0C}.Release|Any CPU.Build.0 = Release|Any CPU
		{0118FB13-D381-41D0-9C02-DD70B9AC1718}.Debug|Any CPU.ActiveCfg = Debug|Any CPU
		{0118FB13-D381-41D0-9C02-DD70B9AC1718}.Debug|Any CPU.Build.0 = Debug|Any CPU
		{0118FB13-D381-41D0-9C02-DD70B9AC1718}.Release|Any CPU.ActiveCfg = Release|Any CPU
		{0118FB13-D381-41D0-9C02-DD70B9AC1718}.Release|Any CPU.Build.0 = Release|Any CPU
		{D9C0887C-DDBD-4FF2-936E-69813E64F4BC}.Debug|Any CPU.ActiveCfg = Debug|Any CPU
		{D9C0887C-DDBD-4FF2-936E-69813E64F4BC}.Debug|Any CPU.Build.0 = Debug|Any CPU
		{D9C0887C-DDBD-4FF2-936E-69813E64F4BC}.Release|Any CPU.ActiveCfg = Release|Any CPU
		{D9C0887C-DDBD-4FF2-936E-69813E64F4BC}.Release|Any CPU.Build.0 = Release|Any CPU
		{8B65D697-6C81-4E0B-92B6-8F29571B40FE}.Debug|Any CPU.ActiveCfg = Debug|Any CPU
		{8B65D697-6C81-4E0B-92B6-8F29571B40FE}.Debug|Any CPU.Build.0 = Debug|Any CPU
		{8B65D697-6C81-4E0B-92B6-8F29571B40FE}.Release|Any CPU.ActiveCfg = Release|Any CPU
		{8B65D697-6C81-4E0B-92B6-8F29571B40FE}.Release|Any CPU.Build.0 = Release|Any CPU
		{87E60147-7B60-45DD-B04A-18C1999F57E1}.Debug|Any CPU.ActiveCfg = Debug|Any CPU
		{87E60147-7B60-45DD-B04A-18C1999F57E1}.Debug|Any CPU.Build.0 = Debug|Any CPU
		{87E60147-7B60-45DD-B04A-18C1999F57E1}.Release|Any CPU.ActiveCfg = Release|Any CPU
		{87E60147-7B60-45DD-B04A-18C1999F57E1}.Release|Any CPU.Build.0 = Release|Any CPU
		{4D7C565B-56AB-4F61-B99F-224E603D7110}.Debug|Any CPU.ActiveCfg = Debug|Any CPU
		{4D7C565B-56AB-4F61-B99F-224E603D7110}.Debug|Any CPU.Build.0 = Debug|Any CPU
		{4D7C565B-56AB-4F61-B99F-224E603D7110}.Release|Any CPU.ActiveCfg = Release|Any CPU
		{4D7C565B-56AB-4F61-B99F-224E603D7110}.Release|Any CPU.Build.0 = Release|Any CPU
		{B7E539A1-A57C-4817-A627-D7A3D82BABF0}.Debug|Any CPU.ActiveCfg = Debug|Any CPU
		{B7E539A1-A57C-4817-A627-D7A3D82BABF0}.Debug|Any CPU.Build.0 = Debug|Any CPU
		{B7E539A1-A57C-4817-A627-D7A3D82BABF0}.Release|Any CPU.ActiveCfg = Release|Any CPU
		{B7E539A1-A57C-4817-A627-D7A3D82BABF0}.Release|Any CPU.Build.0 = Release|Any CPU
		{668B1F14-0F3C-4AAD-A956-7F536D1982E3}.Debug|Any CPU.ActiveCfg = Debug|Any CPU
		{668B1F14-0F3C-4AAD-A956-7F536D1982E3}.Debug|Any CPU.Build.0 = Debug|Any CPU
		{668B1F14-0F3C-4AAD-A956-7F536D1982E3}.Release|Any CPU.ActiveCfg = Release|Any CPU
		{668B1F14-0F3C-4AAD-A956-7F536D1982E3}.Release|Any CPU.Build.0 = Release|Any CPU
		{A9F9FEA0-CA49-452D-ABD4-42201C72BFFA}.Debug|Any CPU.ActiveCfg = Debug|Any CPU
		{A9F9FEA0-CA49-452D-ABD4-42201C72BFFA}.Debug|Any CPU.Build.0 = Debug|Any CPU
		{A9F9FEA0-CA49-452D-ABD4-42201C72BFFA}.Release|Any CPU.ActiveCfg = Release|Any CPU
		{A9F9FEA0-CA49-452D-ABD4-42201C72BFFA}.Release|Any CPU.Build.0 = Release|Any CPU
		{86454B27-7E3B-4D1C-82B8-70B0AC34CA04}.Debug|Any CPU.ActiveCfg = Debug|Any CPU
		{86454B27-7E3B-4D1C-82B8-70B0AC34CA04}.Debug|Any CPU.Build.0 = Debug|Any CPU
		{86454B27-7E3B-4D1C-82B8-70B0AC34CA04}.Release|Any CPU.ActiveCfg = Release|Any CPU
		{86454B27-7E3B-4D1C-82B8-70B0AC34CA04}.Release|Any CPU.Build.0 = Release|Any CPU
		{6562164F-24CC-4B6B-8A8B-49B9275879E3}.Debug|Any CPU.ActiveCfg = Debug|Any CPU
		{6562164F-24CC-4B6B-8A8B-49B9275879E3}.Debug|Any CPU.Build.0 = Debug|Any CPU
		{6562164F-24CC-4B6B-8A8B-49B9275879E3}.Release|Any CPU.ActiveCfg = Release|Any CPU
		{6562164F-24CC-4B6B-8A8B-49B9275879E3}.Release|Any CPU.Build.0 = Release|Any CPU
		{755838EA-3D73-4ECC-973D-04C2461755EE}.Debug|Any CPU.ActiveCfg = Debug|Any CPU
		{755838EA-3D73-4ECC-973D-04C2461755EE}.Debug|Any CPU.Build.0 = Debug|Any CPU
		{755838EA-3D73-4ECC-973D-04C2461755EE}.Release|Any CPU.ActiveCfg = Release|Any CPU
		{755838EA-3D73-4ECC-973D-04C2461755EE}.Release|Any CPU.Build.0 = Release|Any CPU
	EndGlobalSection
EndGlobal
